
Microsoft Visual Studio Solution File, Format Version 12.00
# Visual Studio 2012
Project("{8BC9CEB8-8B4A-11D0-8D11-00A0C91BC942}") = "BumpMapFromHeightMap", "BumpMapFromHeightMap\BumpMapFromHeightMap.vcxproj", "{48563395-77B6-4773-B4C3-44BC5D00F35C}"
EndProject
Global
	GlobalSection(SolutionConfigurationPlatforms) = preSolution
		Debug|Win32 = Debug|Win32
		Release|Win32 = Release|Win32
	EndGlobalSection
	GlobalSection(ProjectConfigurationPlatforms) = postSolution
		{48563395-77B6-4773-B4C3-44BC5D00F35C}.Debug|Win32.ActiveCfg = Debug|Win32
		{48563395-77B6-4773-B4C3-44BC5D00F35C}.Debug|Win32.Build.0 = Debug|Win32
		{48563395-77B6-4773-B4C3-44BC5D00F35C}.Release|Win32.ActiveCfg = Release|Win32
		{48563395-77B6-4773-B4C3-44BC5D00F35C}.Release|Win32.Build.0 = Release|Win32
	EndGlobalSection
	GlobalSection(SolutionProperties) = preSolution
		HideSolutionNode = FALSE
	EndGlobalSection
EndGlobal
